// !$*UTF8*$!
{
	archiveVersion = 1;
	classes = {
	};
	objectVersion = 56;
	objects = {

/* Begin PBXBuildFile section */
		269203AA2BCF0F3C00A9CFDA /* AppDelegate.swift in Sources */ = {isa = PBXBuildFile; fileRef = 269203A92BCF0F3C00A9CFDA /* AppDelegate.swift */; };
		269203AC2BCF0F3C00A9CFDA /* SceneDelegate.swift in Sources */ = {isa = PBXBuildFile; fileRef = 269203AB2BCF0F3C00A9CFDA /* SceneDelegate.swift */; };
		269203AE2BCF0F3C00A9CFDA /* ViewController.swift in Sources */ = {isa = PBXBuildFile; fileRef = 269203AD2BCF0F3C00A9CFDA /* ViewController.swift */; };
		269203B12BCF0F3C00A9CFDA /* Base in Resources */ = {isa = PBXBuildFile; fileRef = 269203B02BCF0F3C00A9CFDA /* Base */; };
		269203B32BCF0F3D00A9CFDA /* Assets.xcassets in Resources */ = {isa = PBXBuildFile; fileRef = 269203B22BCF0F3D00A9CFDA /* Assets.xcassets */; };
		269203B62BCF0F3D00A9CFDA /* Base in Resources */ = {isa = PBXBuildFile; fileRef = 269203B52BCF0F3D00A9CFDA /* Base */; };
		269203C02BCF105000A9CFDA /* HelloWorld.cpp in Sources */ = {isa = PBXBuildFile; fileRef = 269203BE2BCF105000A9CFDA /* HelloWorld.cpp */; };
/* End PBXBuildFile section */

/* Begin PBXFileReference section */
		269203A62BCF0F3C00A9CFDA /* SwiftAndCPlusPlus.app */ = {isa = PBXFileReference; explicitFileType = wrapper.application; includeInIndex = 0; path = SwiftAndCPlusPlus.app; sourceTree = BUILT_PRODUCTS_DIR; };
		269203A92BCF0F3C00A9CFDA /* AppDelegate.swift */ = {isa = PBXFileReference; lastKnownFileType = sourcecode.swift; path = AppDelegate.swift; sourceTree = "<group>"; };
		269203AB2BCF0F3C00A9CFDA /* SceneDelegate.swift */ = {isa = PBXFileReference; lastKnownFileType = sourcecode.swift; path = SceneDelegate.swift; sourceTree = "<group>"; };
		269203AD2BCF0F3C00A9CFDA /* ViewController.swift */ = {isa = PBXFileReference; lastKnownFileType = sourcecode.swift; path = ViewController.swift; sourceTree = "<group>"; };
		269203B02BCF0F3C00A9CFDA /* Base */ = {isa = PBXFileReference; lastKnownFileType = file.storyboard; name = Base; path = Base.lproj/Main.storyboard; sourceTree = "<group>"; };
		269203B22BCF0F3D00A9CFDA /* Assets.xcassets */ = {isa = PBXFileReference; lastKnownFileType = folder.assetcatalog; path = Assets.xcassets; sourceTree = "<group>"; };
		269203B52BCF0F3D00A9CFDA /* Base */ = {isa = PBXFileReference; lastKnownFileType = file.storyboard; name = Base; path = Base.lproj/LaunchScreen.storyboard; sourceTree = "<group>"; };
		269203B72BCF0F3D00A9CFDA /* Info.plist */ = {isa = PBXFileReference; lastKnownFileType = text.plist.xml; path = Info.plist; sourceTree = "<group>"; };
		269203BD2BCF105000A9CFDA /* SwiftAndCPlusPlus-Bridging-Header.h */ = {isa = PBXFileReference; lastKnownFileType = sourcecode.c.h; path = "SwiftAndCPlusPlus-Bridging-Header.h"; sourceTree = "<group>"; };
		269203BE2BCF105000A9CFDA /* HelloWorld.cpp */ = {isa = PBXFileReference; lastKnownFileType = sourcecode.cpp.cpp; path = HelloWorld.cpp; sourceTree = "<group>"; };
		269203BF2BCF105000A9CFDA /* HelloWorld.hpp */ = {isa = PBXFileReference; lastKnownFileType = sourcecode.cpp.h; path = HelloWorld.hpp; sourceTree = "<group>"; };
/* End PBXFileReference section */

/* Begin PBXFrameworksBuildPhase section */
		269203A32BCF0F3C00A9CFDA /* Frameworks */ = {
			isa = PBXFrameworksBuildPhase;
			buildActionMask = 2147483647;
			files = (
			);
			runOnlyForDeploymentPostprocessing = 0;
		};
/* End PBXFrameworksBuildPhase section */

/* Begin PBXGroup section */
		2692039D2BCF0F3C00A9CFDA = {
			isa = PBXGroup;
			children = (
				269203A82BCF0F3C00A9CFDA /* SwiftAndCPlusPlus */,
				269203A72BCF0F3C00A9CFDA /* Products */,
			);
			sourceTree = "<group>";
		};
		269203A72BCF0F3C00A9CFDA /* Products */ = {
			isa = PBXGroup;
			children = (
				269203A62BCF0F3C00A9CFDA /* SwiftAndCPlusPlus.app */,
			);
			name = Products;
			sourceTree = "<group>";
		};
		269203A82BCF0F3C00A9CFDA /* SwiftAndCPlusPlus */ = {
			isa = PBXGroup;
			children = (
				269203C12BCF131500A9CFDA /* C++ Code */,
				269203A92BCF0F3C00A9CFDA /* AppDelegate.swift */,
				269203AB2BCF0F3C00A9CFDA /* SceneDelegate.swift */,
				269203AD2BCF0F3C00A9CFDA /* ViewController.swift */,
				269203AF2BCF0F3C00A9CFDA /* Main.storyboard */,
				269203B22BCF0F3D00A9CFDA /* Assets.xcassets */,
				269203B42BCF0F3D00A9CFDA /* LaunchScreen.storyboard */,
				269203B72BCF0F3D00A9CFDA /* Info.plist */,
				269203BD2BCF105000A9CFDA /* SwiftAndCPlusPlus-Bridging-Header.h */,
			);
			path = SwiftAndCPlusPlus;
			sourceTree = "<group>";
		};
		269203C12BCF131500A9CFDA /* C++ Code */ = {
			isa = PBXGroup;
			children = (
				269203BF2BCF105000A9CFDA /* HelloWorld.hpp */,
				269203BE2BCF105000A9CFDA /* HelloWorld.cpp */,
			);
			path = "C++ Code";
			sourceTree = "<group>";
		};
/* End PBXGroup section */

/* Begin PBXNativeTarget section */
		269203A52BCF0F3C00A9CFDA /* SwiftAndCPlusPlus */ = {
			isa = PBXNativeTarget;
			buildConfigurationList = 269203BA2BCF0F3D00A9CFDA /* Build configuration list for PBXNativeTarget "SwiftAndCPlusPlus" */;
			buildPhases = (
				269203A22BCF0F3C00A9CFDA /* Sources */,
				269203A32BCF0F3C00A9CFDA /* Frameworks */,
				269203A42BCF0F3C00A9CFDA /* Resources */,
			);
			buildRules = (
			);
			dependencies = (
			);
			name = SwiftAndCPlusPlus;
			productName = SwiftAndCPlusPlus;
			productReference = 269203A62BCF0F3C00A9CFDA /* SwiftAndCPlusPlus.app */;
			productType = "com.apple.product-type.application";
		};
/* End PBXNativeTarget section */

/* Begin PBXProject section */
		2692039E2BCF0F3C00A9CFDA /* Project object */ = {
			isa = PBXProject;
			attributes = {
				BuildIndependentTargetsInParallel = 1;
				LastSwiftUpdateCheck = 1530;
				LastUpgradeCheck = 1530;
				TargetAttributes = {
					269203A52BCF0F3C00A9CFDA = {
						CreatedOnToolsVersion = 15.3;
						LastSwiftMigration = 1530;
					};
				};
			};
			buildConfigurationList = 269203A12BCF0F3C00A9CFDA /* Build configuration list for PBXProject "SwiftAndCPlusPlus" */;
			compatibilityVersion = "Xcode 14.0";
			developmentRegion = en;
			hasScannedForEncodings = 0;
			knownRegions = (
				en,
				Base,
			);
			mainGroup = 2692039D2BCF0F3C00A9CFDA;
			productRefGroup = 269203A72BCF0F3C00A9CFDA /* Products */;
			projectDirPath = "";
			projectRoot = "";
			targets = (
				269203A52BCF0F3C00A9CFDA /* SwiftAndCPlusPlus */,
			);
		};
/* End PBXProject section */

/* Begin PBXResourcesBuildPhase section */
		269203A42BCF0F3C00A9CFDA /* Resources */ = {
			isa = PBXResourcesBuildPhase;
			buildActionMask = 2147483647;
			files = (
				269203B32BCF0F3D00A9CFDA /* Assets.xcassets in Resources */,
				269203B62BCF0F3D00A9CFDA /* Base in Resources */,
				269203B12BCF0F3C00A9CFDA /* Base in Resources */,
			);
			runOnlyForDeploymentPostprocessing = 0;
		};
/* End PBXResourcesBuildPhase section */

/* Begin PBXSourcesBuildPhase section */
		269203A22BCF0F3C00A9CFDA /* Sources */ = {
			isa = PBXSourcesBuildPhase;
			buildActionMask = 2147483647;
			files = (
				269203C02BCF105000A9CFDA /* HelloWorld.cpp in Sources */,
				269203AE2BCF0F3C00A9CFDA /* ViewController.swift in Sources */,
				269203AA2BCF0F3C00A9CFDA /* AppDelegate.swift in Sources */,
				269203AC2BCF0F3C00A9CFDA /* SceneDelegate.swift in Sources */,
			);
			runOnlyForDeploymentPostprocessing = 0;
		};
/* End PBXSourcesBuildPhase section */

/* Begin PBXVariantGroup section */
		269203AF2BCF0F3C00A9CFDA /* Main.storyboard */ = {
			isa = PBXVariantGroup;
			children = (
				269203B02BCF0F3C00A9CFDA /* Base */,
			);
			name = Main.storyboard;
			sourceTree = "<group>";
		};
		269203B42BCF0F3D00A9CFDA /* LaunchScreen.storyboard */ = {
			isa = PBXVariantGroup;
			children = (
				269203B52BCF0F3D00A9CFDA /* Base */,
			);
			name = LaunchScreen.storyboard;
			sourceTree = "<group>";
		};
/* End PBXVariantGroup section */

/* Begin XCBuildConfiguration section */
		269203B82BCF0F3D00A9CFDA /* Debug */ = {
			isa = XCBuildConfiguration;
			buildSettings = {
				ALWAYS_SEARCH_USER_PATHS = NO;
				ASSETCATALOG_COMPILER_GENERATE_SWIFT_ASSET_SYMBOL_EXTENSIONS = YES;
				CLANG_ANALYZER_NONNULL = YES;
				CLANG_ANALYZER_NUMBER_OBJECT_CONVERSION = YES_AGGRESSIVE;
				CLANG_CXX_LANGUAGE_STANDARD = "gnu++20";
				CLANG_ENABLE_MODULES = YES;
				CLANG_ENABLE_OBJC_ARC = YES;
				CLANG_ENABLE_OBJC_WEAK = YES;
				CLANG_WARN_BLOCK_CAPTURE_AUTORELEASING = YES;
				CLANG_WARN_BOOL_CONVERSION = YES;
				CLANG_WARN_COMMA = YES;
				CLANG_WARN_CONSTANT_CONVERSION = YES;
				CLANG_WARN_DEPRECATED_OBJC_IMPLEMENTATIONS = YES;
				CLANG_WARN_DIRECT_OBJC_ISA_USAGE = YES_ERROR;
				CLANG_WARN_DOCUMENTATION_COMMENTS = YES;
				CLANG_WARN_EMPTY_BODY = YES;
				CLANG_WARN_ENUM_CONVERSION = YES;
				CLANG_WARN_INFINITE_RECURSION = YES;
				CLANG_WARN_INT_CONVERSION = YES;
				CLANG_WARN_NON_LITERAL_NULL_CONVERSION = YES;
				CLANG_WARN_OBJC_IMPLICIT_RETAIN_SELF = YES;
				CLANG_WARN_OBJC_LITERAL_CONVERSION = YES;
				CLANG_WARN_OBJC_ROOT_CLASS = YES_ERROR;
				CLANG_WARN_QUOTED_INCLUDE_IN_FRAMEWORK_HEADER = YES;
				CLANG_WARN_RANGE_LOOP_ANALYSIS = YES;
				CLANG_WARN_STRICT_PROTOTYPES = YES;
				CLANG_WARN_SUSPICIOUS_MOVE = YES;
				CLANG_WARN_UNGUARDED_AVAILABILITY = YES_AGGRESSIVE;
				CLANG_WARN_UNREACHABLE_CODE = YES;
				CLANG_WARN__DUPLICATE_METHOD_MATCH = YES;
				COPY_PHASE_STRIP = NO;
				DEBUG_INFORMATION_FORMAT = dwarf;
				ENABLE_STRICT_OBJC_MSGSEND = YES;
				ENABLE_TESTABILITY = YES;
				ENABLE_USER_SCRIPT_SANDBOXING = YES;
				GCC_C_LANGUAGE_STANDARD = gnu17;
				GCC_DYNAMIC_NO_PIC = NO;
				GCC_NO_COMMON_BLOCKS = YES;
				GCC_OPTIMIZATION_LEVEL = 0;
				GCC_PREPROCESSOR_DEFINITIONS = (
					"DEBUG=1",
					"$(inherited)",
				);
				GCC_WARN_64_TO_32_BIT_CONVERSION = YES;
				GCC_WARN_ABOUT_RETURN_TYPE = YES_ERROR;
				GCC_WARN_UNDECLARED_SELECTOR = YES;
				GCC_WARN_UNINITIALIZED_AUTOS = YES_AGGRESSIVE;
				GCC_WARN_UNUSED_FUNCTION = YES;
				GCC_WARN_UNUSED_VARIABLE = YES;
				IPHONEOS_DEPLOYMENT_TARGET = 17.4;
				LOCALIZATION_PREFERS_STRING_CATALOGS = YES;
				MTL_ENABLE_DEBUG_INFO = INCLUDE_SOURCE;
				MTL_FAST_MATH = YES;
				ONLY_ACTIVE_ARCH = YES;
				SDKROOT = iphoneos;
				SWIFT_ACTIVE_COMPILATION_CONDITIONS = "DEBUG $(inherited)";
				SWIFT_OPTIMIZATION_LEVEL = "-Onone";
			};
			name = Debug;
		};
		269203B92BCF0F3D00A9CFDA /* Release */ = {
			isa = XCBuildConfiguration;
			buildSettings = {
				ALWAYS_SEARCH_USER_PATHS = NO;
				ASSETCATALOG_COMPILER_GENERATE_SWIFT_ASSET_SYMBOL_EXTENSIONS = YES;
				CLANG_ANALYZER_NONNULL = YES;
				CLANG_ANALYZER_NUMBER_OBJECT_CONVERSION = YES_AGGRESSIVE;
				CLANG_CXX_LANGUAGE_STANDARD = "gnu++20";
				CLANG_ENABLE_MODULES = YES;
				CLANG_ENABLE_OBJC_ARC = YES;
				CLANG_ENABLE_OBJC_WEAK = YES;
				CLANG_WARN_BLOCK_CAPTURE_AUTORELEASING = YES;
				CLANG_WARN_BOOL_CONVERSION = YES;
				CLANG_WARN_COMMA = YES;
				CLANG_WARN_CONSTANT_CONVERSION = YES;
				CLANG_WARN_DEPRECATED_OBJC_IMPLEMENTATIONS = YES;
				CLANG_WARN_DIRECT_OBJC_ISA_USAGE = YES_ERROR;
				CLANG_WARN_DOCUMENTATION_COMMENTS = YES;
				CLANG_WARN_EMPTY_BODY = YES;
				CLANG_WARN_ENUM_CONVERSION = YES;
				CLANG_WARN_INFINITE_RECURSION = YES;
				CLANG_WARN_INT_CONVERSION = YES;
				CLANG_WARN_NON_LITERAL_NULL_CONVERSION = YES;
				CLANG_WARN_OBJC_IMPLICIT_RETAIN_SELF = YES;
				CLANG_WARN_OBJC_LITERAL_CONVERSION = YES;
				CLANG_WARN_OBJC_ROOT_CLASS = YES_ERROR;
				CLANG_WARN_QUOTED_INCLUDE_IN_FRAMEWORK_HEADER = YES;
				CLANG_WARN_RANGE_LOOP_ANALYSIS = YES;
				CLANG_WARN_STRICT_PROTOTYPES = YES;
				CLANG_WARN_SUSPICIOUS_MOVE = YES;
				CLANG_WARN_UNGUARDED_AVAILABILITY = YES_AGGRESSIVE;
				CLANG_WARN_UNREACHABLE_CODE = YES;
				CLANG_WARN__DUPLICATE_METHOD_MATCH = YES;
				COPY_PHASE_STRIP = NO;
				DEBUG_INFORMATION_FORMAT = "dwarf-with-dsym";
				ENABLE_NS_ASSERTIONS = NO;
				ENABLE_STRICT_OBJC_MSGSEND = YES;
				ENABLE_USER_SCRIPT_SANDBOXING = YES;
				GCC_C_LANGUAGE_STANDARD = gnu17;
				GCC_NO_COMMON_BLOCKS = YES;
				GCC_WARN_64_TO_32_BIT_CONVERSION = YES;
				GCC_WARN_ABOUT_RETURN_TYPE = YES_ERROR;
				GCC_WARN_UNDECLARED_SELECTOR = YES;
				GCC_WARN_UNINITIALIZED_AUTOS = YES_AGGRESSIVE;
				GCC_WARN_UNUSED_FUNCTION = YES;
				GCC_WARN_UNUSED_VARIABLE = YES;
				IPHONEOS_DEPLOYMENT_TARGET = 17.4;
				LOCALIZATION_PREFERS_STRING_CATALOGS = YES;
				MTL_ENABLE_DEBUG_INFO = NO;
				MTL_FAST_MATH = YES;
				SDKROOT = iphoneos;
				SWIFT_COMPILATION_MODE = wholemodule;
				VALIDATE_PRODUCT = YES;
			};
			name = Release;
		};
		269203BB2BCF0F3D00A9CFDA /* Debug */ = {
			isa = XCBuildConfiguration;
			buildSettings = {
				ASSETCATALOG_COMPILER_APPICON_NAME = AppIcon;
				ASSETCATALOG_COMPILER_GLOBAL_ACCENT_COLOR_NAME = AccentColor;
				CLANG_ENABLE_MODULES = YES;
				CODE_SIGN_STYLE = Automatic;
				CURRENT_PROJECT_VERSION = 1;
				DEVELOPMENT_TEAM = P92GSKWU9W;
				GENERATE_INFOPLIST_FILE = YES;
				INFOPLIST_FILE = SwiftAndCPlusPlus/Info.plist;
				INFOPLIST_KEY_UIApplicationSupportsIndirectInputEvents = YES;
				INFOPLIST_KEY_UILaunchStoryboardName = LaunchScreen;
				INFOPLIST_KEY_UIMainStoryboardFile = Main;
				INFOPLIST_KEY_UISupportedInterfaceOrientations_iPad = "UIInterfaceOrientationPortrait UIInterfaceOrientationPortraitUpsideDown UIInterfaceOrientationLandscapeLeft UIInterfaceOrientationLandscapeRight";
				INFOPLIST_KEY_UISupportedInterfaceOrientations_iPhone = "UIInterfaceOrientationPortrait UIInterfaceOrientationLandscapeLeft UIInterfaceOrientationLandscapeRight";
				IPHONEOS_DEPLOYMENT_TARGET = 17.0;
				LD_RUNPATH_SEARCH_PATHS = (
					"$(inherited)",
					"@executable_path/Frameworks",
				);
				MARKETING_VERSION = 1.0;
				PRODUCT_BUNDLE_IDENTIFIER = Sarah.SwiftAndCPlusPlus;
				PRODUCT_NAME = "$(TARGET_NAME)";
				SWIFT_EMIT_LOC_STRINGS = YES;
				SWIFT_OBJC_BRIDGING_HEADER = "SwiftAndCPlusPlus/SwiftAndCPlusPlus-Bridging-Header.h";
				SWIFT_OBJC_INTEROP_MODE = objcxx;
				SWIFT_OPTIMIZATION_LEVEL = "-Onone";
				SWIFT_VERSION = 5.0;
				TARGETED_DEVICE_FAMILY = "1,2";
			};
			name = Debug;
		};
		269203BC2BCF0F3D00A9CFDA /* Release */ = {
			isa = XCBuildConfiguration;
			buildSettings = {
				ASSETCATALOG_COMPILER_APPICON_NAME = AppIcon;
				ASSETCATALOG_COMPILER_GLOBAL_ACCENT_COLOR_NAME = AccentColor;
				CLANG_ENABLE_MODULES = YES;
				CODE_SIGN_STYLE = Automatic;
				CURRENT_PROJECT_VERSION = 1;
				DEVELOPMENT_TEAM = P92GSKWU9W;
				GENERATE_INFOPLIST_FILE = YES;
				INFOPLIST_FILE = SwiftAndCPlusPlus/Info.plist;
				INFOPLIST_KEY_UIApplicationSupportsIndirectInputEvents = YES;
				INFOPLIST_KEY_UILaunchStoryboardName = LaunchScreen;
				INFOPLIST_KEY_UIMainStoryboardFile = Main;
				INFOPLIST_KEY_UISupportedInterfaceOrientations_iPad = "UIInterfaceOrientationPortrait UIInterfaceOrientationPortraitUpsideDown UIInterfaceOrientationLandscapeLeft UIInterfaceOrientationLandscapeRight";
				INFOPLIST_KEY_UISupportedInterfaceOrientations_iPhone = "UIInterfaceOrientationPortrait UIInterfaceOrientationLandscapeLeft UIInterfaceOrientationLandscapeRight";
				IPHONEOS_DEPLOYMENT_TARGET = 17.0;
				LD_RUNPATH_SEARCH_PATHS = (
					"$(inherited)",
					"@executable_path/Frameworks",
				);
				MARKETING_VERSION = 1.0;
				PRODUCT_BUNDLE_IDENTIFIER = Sarah.SwiftAndCPlusPlus;
				PRODUCT_NAME = "$(TARGET_NAME)";
				SWIFT_EMIT_LOC_STRINGS = YES;
				SWIFT_OBJC_BRIDGING_HEADER = "SwiftAndCPlusPlus/SwiftAndCPlusPlus-Bridging-Header.h";
				SWIFT_OBJC_INTEROP_MODE = objcxx;
				SWIFT_VERSION = 5.0;
				TARGETED_DEVICE_FAMILY = "1,2";
			};
			name = Release;
		};
/* End XCBuildConfiguration section */

/* Begin XCConfigurationList section */
		269203A12BCF0F3C00A9CFDA /* Build configuration list for PBXProject "SwiftAndCPlusPlus" */ = {
			isa = XCConfigurationList;
			buildConfigurations = (
				269203B82BCF0F3D00A9CFDA /* Debug */,
				269203B92BCF0F3D00A9CFDA /* Release */,
			);
			defaultConfigurationIsVisible = 0;
			defaultConfigurationName = Release;
		};
		269203BA2BCF0F3D00A9CFDA /* Build configuration list for PBXNativeTarget "SwiftAndCPlusPlus" */ = {
			isa = XCConfigurationList;
			buildConfigurations = (
				269203BB2BCF0F3D00A9CFDA /* Debug */,
				269203BC2BCF0F3D00A9CFDA /* Release */,
			);
			defaultConfigurationIsVisible = 0;
			defaultConfigurationName = Release;
		};
/* End XCConfigurationList section */
	};
	rootObject = 2692039E2BCF0F3C00A9CFDA /* Project object */;
}
